
Microsoft Visual Studio Solution File, Format Version 12.00
# Visual Studio Version 17
VisualStudioVersion = 17.13.35828.75 d17.13
MinimumVisualStudioVersion = 10.0.40219.1
Project("{FAE04EC0-301F-11D3-BF4B-00C04F79EFBC}") = "Ejercicio1_Progra2025", "Ejercicio1_Progra2025\Ejercicio1_Progra2025.csproj", "{F09032F4-4C59-42EC-AA9C-21640D4940E9}"
EndProject
Global
	GlobalSection(SolutionConfigurationPlatforms) = preSolution
		Debug|Any CPU = Debug|Any CPU
		Release|Any CPU = Release|Any CPU
	EndGlobalSection
	GlobalSection(ProjectConfigurationPlatforms) = postSolution
		{F09032F4-4C59-42EC-AA9C-21640D4940E9}.Debug|Any CPU.ActiveCfg = Debug|Any CPU
		{F09032F4-4C59-42EC-AA9C-21640D4940E9}.Debug|Any CPU.Build.0 = Debug|Any CPU
		{F09032F4-4C59-42EC-AA9C-21640D4940E9}.Release|Any CPU.ActiveCfg = Release|Any CPU
		{F09032F4-4C59-42EC-AA9C-21640D4940E9}.Release|Any CPU.Build.0 = Release|Any CPU
	EndGlobalSection
	GlobalSection(SolutionProperties) = preSolution
		HideSolutionNode = FALSE
	EndGlobalSection
	GlobalSection(ExtensibilityGlobals) = postSolution
		SolutionGuid = {1DC5A0AE-60BA-41DE-B0AB-AD2E88E786D0}
	EndGlobalSection
EndGlobal
